
Microsoft Visual Studio Solution File, Format Version 12.00
# Visual Studio Version 17
VisualStudioVersion = 17.9.34723.18
MinimumVisualStudioVersion = 10.0.40219.1
Project("{9A19103F-16F7-4668-BE54-9A1E7A4F7556}") = "backend", "backend.csproj", "{3153D140-5E05-4FA6-BD5B-54AEEBC2E992}"
EndProject
Global
	GlobalSection(SolutionConfigurationPlatforms) = preSolution
		Debug|Any CPU = Debug|Any CPU
		Release|Any CPU = Release|Any CPU
	EndGlobalSection
	GlobalSection(ProjectConfigurationPlatforms) = postSolution
		{3153D140-5E05-4FA6-BD5B-54AEEBC2E992}.Debug|Any CPU.ActiveCfg = Debug|Any CPU
		{3153D140-5E05-4FA6-BD5B-54AEEBC2E992}.Debug|Any CPU.Build.0 = Debug|Any CPU
		{3153D140-5E05-4FA6-BD5B-54AEEBC2E992}.Release|Any CPU.ActiveCfg = Release|Any CPU
		{3153D140-5E05-4FA6-BD5B-54AEEBC2E992}.Release|Any CPU.Build.0 = Release|Any CPU
		{AA65CF79-F9BE-4A6A-94D8-C0FC3BDE674D}.Debug|Any CPU.ActiveCfg = Debug|Any CPU
		{AA65CF79-F9BE-4A6A-94D8-C0FC3BDE674D}.Debug|Any CPU.Build.0 = Debug|Any CPU
		{AA65CF79-F9BE-4A6A-94D8-C0FC3BDE674D}.Release|Any CPU.ActiveCfg = Release|Any CPU
		{AA65CF79-F9BE-4A6A-94D8-C0FC3BDE674D}.Release|Any CPU.Build.0 = Release|Any CPU
	EndGlobalSection
	GlobalSection(SolutionProperties) = preSolution
		HideSolutionNode = FALSE
	EndGlobalSection
	GlobalSection(ExtensibilityGlobals) = postSolution
		SolutionGuid = {0CE661A9-8AF0-4E6C-94EB-BCD7FF7B3B12}
	EndGlobalSection
EndGlobal
